// !$*UTF8*$!
{
	archiveVersion = 1;
	classes = {
	};
	objectVersion = 46;
	objects = {

/* Begin PBXBuildFile section */
		31662C331B038A7E00AF1957 /* AppDelegate.swift in Sources */ = {isa = PBXBuildFile; fileRef = 31662C321B038A7E00AF1957 /* AppDelegate.swift */; };
		31662C351B038A7E00AF1957 /* RecordSoundsViewController.swift in Sources */ = {isa = PBXBuildFile; fileRef = 31662C341B038A7E00AF1957 /* RecordSoundsViewController.swift */; };
		31662C381B038A7E00AF1957 /* Main.storyboard in Resources */ = {isa = PBXBuildFile; fileRef = 31662C361B038A7E00AF1957 /* Main.storyboard */; };
		31662C3A1B038A7E00AF1957 /* Images.xcassets in Resources */ = {isa = PBXBuildFile; fileRef = 31662C391B038A7E00AF1957 /* Images.xcassets */; };
		31662C3D1B038A7E00AF1957 /* LaunchScreen.xib in Resources */ = {isa = PBXBuildFile; fileRef = 31662C3B1B038A7E00AF1957 /* LaunchScreen.xib */; };
		31662C491B038A7F00AF1957 /* PitchPerfectTests.swift in Sources */ = {isa = PBXBuildFile; fileRef = 31662C481B038A7F00AF1957 /* PitchPerfectTests.swift */; };
		31662C571B0397F300AF1957 /* PlaySoundsViewController.swift in Sources */ = {isa = PBXBuildFile; fileRef = 31662C561B0397F300AF1957 /* PlaySoundsViewController.swift */; };
		31662C591B03A21F00AF1957 /* movie_quote.mp3 in Resources */ = {isa = PBXBuildFile; fileRef = 31662C581B03A21F00AF1957 /* movie_quote.mp3 */; };
		31662C5B1B04255500AF1957 /* RecordedAudio.swift in Sources */ = {isa = PBXBuildFile; fileRef = 31662C5A1B04255500AF1957 /* RecordedAudio.swift */; };
/* End PBXBuildFile section */

/* Begin PBXContainerItemProxy section */
		31662C431B038A7F00AF1957 /* PBXContainerItemProxy */ = {
			isa = PBXContainerItemProxy;
			containerPortal = 31662C251B038A7D00AF1957 /* Project object */;
			proxyType = 1;
			remoteGlobalIDString = 31662C2C1B038A7E00AF1957;
			remoteInfo = PitchPerfect;
		};
/* End PBXContainerItemProxy section */

/* Begin PBXFileReference section */
		31662C2D1B038A7E00AF1957 /* PitchPerfect.app */ = {isa = PBXFileReference; explicitFileType = wrapper.application; includeInIndex = 0; path = PitchPerfect.app; sourceTree = BUILT_PRODUCTS_DIR; };
		31662C311B038A7E00AF1957 /* Info.plist */ = {isa = PBXFileReference; lastKnownFileType = text.plist.xml; path = Info.plist; sourceTree = "<group>"; };
		31662C321B038A7E00AF1957 /* AppDelegate.swift */ = {isa = PBXFileReference; lastKnownFileType = sourcecode.swift; path = AppDelegate.swift; sourceTree = "<group>"; };
		31662C341B038A7E00AF1957 /* RecordSoundsViewController.swift */ = {isa = PBXFileReference; lastKnownFileType = sourcecode.swift; path = RecordSoundsViewController.swift; sourceTree = "<group>"; };
		31662C371B038A7E00AF1957 /* Base */ = {isa = PBXFileReference; lastKnownFileType = file.storyboard; name = Base; path = Base.lproj/Main.storyboard; sourceTree = "<group>"; };
		31662C391B038A7E00AF1957 /* Images.xcassets */ = {isa = PBXFileReference; lastKnownFileType = folder.assetcatalog; path = Images.xcassets; sourceTree = "<group>"; };
		31662C3C1B038A7E00AF1957 /* Base */ = {isa = PBXFileReference; lastKnownFileType = file.xib; name = Base; path = Base.lproj/LaunchScreen.xib; sourceTree = "<group>"; };
		31662C421B038A7F00AF1957 /* PitchPerfectTests.xctest */ = {isa = PBXFileReference; explicitFileType = wrapper.cfbundle; includeInIndex = 0; path = PitchPerfectTests.xctest; sourceTree = BUILT_PRODUCTS_DIR; };
		31662C471B038A7F00AF1957 /* Info.plist */ = {isa = PBXFileReference; lastKnownFileType = text.plist.xml; path = Info.plist; sourceTree = "<group>"; };
		31662C481B038A7F00AF1957 /* PitchPerfectTests.swift */ = {isa = PBXFileReference; lastKnownFileType = sourcecode.swift; path = PitchPerfectTests.swift; sourceTree = "<group>"; };
		31662C561B0397F300AF1957 /* PlaySoundsViewController.swift */ = {isa = PBXFileReference; fileEncoding = 4; lastKnownFileType = sourcecode.swift; path = PlaySoundsViewController.swift; sourceTree = "<group>"; };
		31662C581B03A21F00AF1957 /* movie_quote.mp3 */ = {isa = PBXFileReference; lastKnownFileType = audio.mp3; path = movie_quote.mp3; sourceTree = "<group>"; };
		31662C5A1B04255500AF1957 /* RecordedAudio.swift */ = {isa = PBXFileReference; fileEncoding = 4; lastKnownFileType = sourcecode.swift; path = RecordedAudio.swift; sourceTree = "<group>"; };
/* End PBXFileReference section */

/* Begin PBXFrameworksBuildPhase section */
		31662C2A1B038A7E00AF1957 /* Frameworks */ = {
			isa = PBXFrameworksBuildPhase;
			buildActionMask = 2147483647;
			files = (
			);
			runOnlyForDeploymentPostprocessing = 0;
		};
		31662C3F1B038A7F00AF1957 /* Frameworks */ = {
			isa = PBXFrameworksBuildPhase;
			buildActionMask = 2147483647;
			files = (
			);
			runOnlyForDeploymentPostprocessing = 0;
		};
/* End PBXFrameworksBuildPhase section */

/* Begin PBXGroup section */
		31662C241B038A7D00AF1957 = {
			isa = PBXGroup;
			children = (
				31662C2F1B038A7E00AF1957 /* PitchPerfect */,
				31662C451B038A7F00AF1957 /* PitchPerfectTests */,
				31662C2E1B038A7E00AF1957 /* Products */,
			);
			sourceTree = "<group>";
		};
		31662C2E1B038A7E00AF1957 /* Products */ = {
			isa = PBXGroup;
			children = (
				31662C2D1B038A7E00AF1957 /* PitchPerfect.app */,
				31662C421B038A7F00AF1957 /* PitchPerfectTests.xctest */,
			);
			name = Products;
			sourceTree = "<group>";
		};
		31662C2F1B038A7E00AF1957 /* PitchPerfect */ = {
			isa = PBXGroup;
			children = (
				31662C321B038A7E00AF1957 /* AppDelegate.swift */,
				31662C341B038A7E00AF1957 /* RecordSoundsViewController.swift */,
				31662C561B0397F300AF1957 /* PlaySoundsViewController.swift */,
				31662C5A1B04255500AF1957 /* RecordedAudio.swift */,
				31662C361B038A7E00AF1957 /* Main.storyboard */,
				31662C391B038A7E00AF1957 /* Images.xcassets */,
				31662C3B1B038A7E00AF1957 /* LaunchScreen.xib */,
				31662C301B038A7E00AF1957 /* Supporting Files */,
			);
			path = PitchPerfect;
			sourceTree = "<group>";
		};
		31662C301B038A7E00AF1957 /* Supporting Files */ = {
			isa = PBXGroup;
			children = (
				31662C581B03A21F00AF1957 /* movie_quote.mp3 */,
				31662C311B038A7E00AF1957 /* Info.plist */,
			);
			name = "Supporting Files";
			sourceTree = "<group>";
		};
		31662C451B038A7F00AF1957 /* PitchPerfectTests */ = {
			isa = PBXGroup;
			children = (
				31662C481B038A7F00AF1957 /* PitchPerfectTests.swift */,
				31662C461B038A7F00AF1957 /* Supporting Files */,
			);
			path = PitchPerfectTests;
			sourceTree = "<group>";
		};
		31662C461B038A7F00AF1957 /* Supporting Files */ = {
			isa = PBXGroup;
			children = (
				31662C471B038A7F00AF1957 /* Info.plist */,
			);
			name = "Supporting Files";
			sourceTree = "<group>";
		};
/* End PBXGroup section */

/* Begin PBXNativeTarget section */
		31662C2C1B038A7E00AF1957 /* PitchPerfect */ = {
			isa = PBXNativeTarget;
			buildConfigurationList = 31662C4C1B038A7F00AF1957 /* Build configuration list for PBXNativeTarget "PitchPerfect" */;
			buildPhases = (
				31662C291B038A7E00AF1957 /* Sources */,
				31662C2A1B038A7E00AF1957 /* Frameworks */,
				31662C2B1B038A7E00AF1957 /* Resources */,
			);
			buildRules = (
			);
			dependencies = (
			);
			name = PitchPerfect;
			productName = PitchPerfect;
			productReference = 31662C2D1B038A7E00AF1957 /* PitchPerfect.app */;
			productType = "com.apple.product-type.application";
		};
		31662C411B038A7F00AF1957 /* PitchPerfectTests */ = {
			isa = PBXNativeTarget;
			buildConfigurationList = 31662C4F1B038A7F00AF1957 /* Build configuration list for PBXNativeTarget "PitchPerfectTests" */;
			buildPhases = (
				31662C3E1B038A7F00AF1957 /* Sources */,
				31662C3F1B038A7F00AF1957 /* Frameworks */,
				31662C401B038A7F00AF1957 /* Resources */,
			);
			buildRules = (
			);
			dependencies = (
				31662C441B038A7F00AF1957 /* PBXTargetDependency */,
			);
			name = PitchPerfectTests;
			productName = PitchPerfectTests;
			productReference = 31662C421B038A7F00AF1957 /* PitchPerfectTests.xctest */;
			productType = "com.apple.product-type.bundle.unit-test";
		};
/* End PBXNativeTarget section */

/* Begin PBXProject section */
		31662C251B038A7D00AF1957 /* Project object */ = {
			isa = PBXProject;
			attributes = {
				LastUpgradeCheck = 0630;
				ORGANIZATIONNAME = JHM;
				TargetAttributes = {
					31662C2C1B038A7E00AF1957 = {
						CreatedOnToolsVersion = 6.3.1;
					};
					31662C411B038A7F00AF1957 = {
						CreatedOnToolsVersion = 6.3.1;
						TestTargetID = 31662C2C1B038A7E00AF1957;
					};
				};
			};
			buildConfigurationList = 31662C281B038A7D00AF1957 /* Build configuration list for PBXProject "PitchPerfect" */;
			compatibilityVersion = "Xcode 3.2";
			developmentRegion = English;
			hasScannedForEncodings = 0;
			knownRegions = (
				en,
				Base,
			);
			mainGroup = 31662C241B038A7D00AF1957;
			productRefGroup = 31662C2E1B038A7E00AF1957 /* Products */;
			projectDirPath = "";
			projectRoot = "";
			targets = (
				31662C2C1B038A7E00AF1957 /* PitchPerfect */,
				31662C411B038A7F00AF1957 /* PitchPerfectTests */,
			);
		};
/* End PBXProject section */

/* Begin PBXResourcesBuildPhase section */
		31662C2B1B038A7E00AF1957 /* Resources */ = {
			isa = PBXResourcesBuildPhase;
			buildActionMask = 2147483647;
			files = (
				31662C381B038A7E00AF1957 /* Main.storyboard in Resources */,
				31662C3D1B038A7E00AF1957 /* LaunchScreen.xib in Resources */,
				31662C591B03A21F00AF1957 /* movie_quote.mp3 in Resources */,
				31662C3A1B038A7E00AF1957 /* Images.xcassets in Resources */,
			);
			runOnlyForDeploymentPostprocessing = 0;
		};
		31662C401B038A7F00AF1957 /* Resources */ = {
			isa = PBXResourcesBuildPhase;
			buildActionMask = 2147483647;
			files = (
			);
			runOnlyForDeploymentPostprocessing = 0;
		};
/* End PBXResourcesBuildPhase section */

/* Begin PBXSourcesBuildPhase section */
		31662C291B038A7E00AF1957 /* Sources */ = {
			isa = PBXSourcesBuildPhase;
			buildActionMask = 2147483647;
			files = (
				31662C5B1B04255500AF1957 /* RecordedAudio.swift in Sources */,
				31662C351B038A7E00AF1957 /* RecordSoundsViewController.swift in Sources */,
				31662C571B0397F300AF1957 /* PlaySoundsViewController.swift in Sources */,
				31662C331B038A7E00AF1957 /* AppDelegate.swift in Sources */,
			);
			runOnlyForDeploymentPostprocessing = 0;
		};
		31662C3E1B038A7F00AF1957 /* Sources */ = {
			isa = PBXSourcesBuildPhase;
			buildActionMask = 2147483647;
			files = (
				31662C491B038A7F00AF1957 /* PitchPerfectTests.swift in Sources */,
			);
			runOnlyForDeploymentPostprocessing = 0;
		};
/* End PBXSourcesBuildPhase section */

/* Begin PBXTargetDependency section */
		31662C441B038A7F00AF1957 /* PBXTargetDependency */ = {
			isa = PBXTargetDependency;
			target = 31662C2C1B038A7E00AF1957 /* PitchPerfect */;
			targetProxy = 31662C431B038A7F00AF1957 /* PBXContainerItemProxy */;
		};
/* End PBXTargetDependency section */

/* Begin PBXVariantGroup section */
		31662C361B038A7E00AF1957 /* Main.storyboard */ = {
			isa = PBXVariantGroup;
			children = (
				31662C371B038A7E00AF1957 /* Base */,
			);
			name = Main.storyboard;
			sourceTree = "<group>";
		};
		31662C3B1B038A7E00AF1957 /* LaunchScreen.xib */ = {
			isa = PBXVariantGroup;
			children = (
				31662C3C1B038A7E00AF1957 /* Base */,
			);
			name = LaunchScreen.xib;
			sourceTree = "<group>";
		};
/* End PBXVariantGroup section */

/* Begin XCBuildConfiguration section */
		31662C4A1B038A7F00AF1957 /* Debug */ = {
			isa = XCBuildConfiguration;
			buildSettings = {
				ALWAYS_SEARCH_USER_PATHS = NO;
				CLANG_CXX_LANGUAGE_STANDARD = "gnu++0x";
				CLANG_CXX_LIBRARY = "libc++";
				CLANG_ENABLE_MODULES = YES;
				CLANG_ENABLE_OBJC_ARC = YES;
				CLANG_WARN_BOOL_CONVERSION = YES;
				CLANG_WARN_CONSTANT_CONVERSION = YES;
				CLANG_WARN_DIRECT_OBJC_ISA_USAGE = YES_ERROR;
				CLANG_WARN_EMPTY_BODY = YES;
				CLANG_WARN_ENUM_CONVERSION = YES;
				CLANG_WARN_INT_CONVERSION = YES;
				CLANG_WARN_OBJC_ROOT_CLASS = YES_ERROR;
				CLANG_WARN_UNREACHABLE_CODE = YES;
				CLANG_WARN__DUPLICATE_METHOD_MATCH = YES;
				"CODE_SIGN_IDENTITY[sdk=iphoneos*]" = "iPhone Developer";
				COPY_PHASE_STRIP = NO;
				DEBUG_INFORMATION_FORMAT = "dwarf-with-dsym";
				ENABLE_STRICT_OBJC_MSGSEND = YES;
				GCC_C_LANGUAGE_STANDARD = gnu99;
				GCC_DYNAMIC_NO_PIC = NO;
				GCC_NO_COMMON_BLOCKS = YES;
				GCC_OPTIMIZATION_LEVEL = 0;
				GCC_PREPROCESSOR_DEFINITIONS = (
					"DEBUG=1",
					"$(inherited)",
				);
				GCC_SYMBOLS_PRIVATE_EXTERN = NO;
				GCC_WARN_64_TO_32_BIT_CONVERSION = YES;
				GCC_WARN_ABOUT_RETURN_TYPE = YES_ERROR;
				GCC_WARN_UNDECLARED_SELECTOR = YES;
				GCC_WARN_UNINITIALIZED_AUTOS = YES_AGGRESSIVE;
				GCC_WARN_UNUSED_FUNCTION = YES;
				GCC_WARN_UNUSED_VARIABLE = YES;
				IPHONEOS_DEPLOYMENT_TARGET = 8.3;
				MTL_ENABLE_DEBUG_INFO = YES;
				ONLY_ACTIVE_ARCH = YES;
				SDKROOT = iphoneos;
				SWIFT_OPTIMIZATION_LEVEL = "-Onone";
			};
			name = Debug;
		};
		31662C4B1B038A7F00AF1957 /* Release */ = {
			isa = XCBuildConfiguration;
			buildSettings = {
				ALWAYS_SEARCH_USER_PATHS = NO;
				CLANG_CXX_LANGUAGE_STANDARD = "gnu++0x";
				CLANG_CXX_LIBRARY = "libc++";
				CLANG_ENABLE_MODULES = YES;
				CLANG_ENABLE_OBJC_ARC = YES;
				CLANG_WARN_BOOL_CONVERSION = YES;
				CLANG_WARN_CONSTANT_CONVERSION = YES;
				CLANG_WARN_DIRECT_OBJC_ISA_USAGE = YES_ERROR;
				CLANG_WARN_EMPTY_BODY = YES;
				CLANG_WARN_ENUM_CONVERSION = YES;
				CLANG_WARN_INT_CONVERSION = YES;
				CLANG_WARN_OBJC_ROOT_CLASS = YES_ERROR;
				CLANG_WARN_UNREACHABLE_CODE = YES;
				CLANG_WARN__DUPLICATE_METHOD_MATCH = YES;
				"CODE_SIGN_IDENTITY[sdk=iphoneos*]" = "iPhone Developer";
				COPY_PHASE_STRIP = NO;
				DEBUG_INFORMATION_FORMAT = "dwarf-with-dsym";
				ENABLE_NS_ASSERTIONS = NO;
				ENABLE_STRICT_OBJC_MSGSEND = YES;
				GCC_C_LANGUAGE_STANDARD = gnu99;
				GCC_NO_COMMON_BLOCKS = YES;
				GCC_WARN_64_TO_32_BIT_CONVERSION = YES;
				GCC_WARN_ABOUT_RETURN_TYPE = YES_ERROR;
				GCC_WARN_UNDECLARED_SELECTOR = YES;
				GCC_WARN_UNINITIALIZED_AUTOS = YES_AGGRESSIVE;
				GCC_WARN_UNUSED_FUNCTION = YES;
				GCC_WARN_UNUSED_VARIABLE = YES;
				IPHONEOS_DEPLOYMENT_TARGET = 8.3;
				MTL_ENABLE_DEBUG_INFO = NO;
				SDKROOT = iphoneos;
				VALIDATE_PRODUCT = YES;
			};
			name = Release;
		};
		31662C4D1B038A7F00AF1957 /* Debug */ = {
			isa = XCBuildConfiguration;
			buildSettings = {
				ASSETCATALOG_COMPILER_APPICON_NAME = AppIcon;
				INFOPLIST_FILE = PitchPerfect/Info.plist;
				LD_RUNPATH_SEARCH_PATHS = "$(inherited) @executable_path/Frameworks";
				PRODUCT_NAME = "$(TARGET_NAME)";
			};
			name = Debug;
		};
		31662C4E1B038A7F00AF1957 /* Release */ = {
			isa = XCBuildConfiguration;
			buildSettings = {
				ASSETCATALOG_COMPILER_APPICON_NAME = AppIcon;
				INFOPLIST_FILE = PitchPerfect/Info.plist;
				LD_RUNPATH_SEARCH_PATHS = "$(inherited) @executable_path/Frameworks";
				PRODUCT_NAME = "$(TARGET_NAME)";
			};
			name = Release;
		};
		31662C501B038A7F00AF1957 /* Debug */ = {
			isa = XCBuildConfiguration;
			buildSettings = {
				BUNDLE_LOADER = "$(TEST_HOST)";
				FRAMEWORK_SEARCH_PATHS = (
					"$(SDKROOT)/Developer/Library/Frameworks",
					"$(inherited)",
				);
				GCC_PREPROCESSOR_DEFINITIONS = (
					"DEBUG=1",
					"$(inherited)",
				);
				INFOPLIST_FILE = PitchPerfectTests/Info.plist;
				LD_RUNPATH_SEARCH_PATHS = "$(inherited) @executable_path/Frameworks @loader_path/Frameworks";
				PRODUCT_NAME = "$(TARGET_NAME)";
				TEST_HOST = "$(BUILT_PRODUCTS_DIR)/PitchPerfect.app/PitchPerfect";
			};
			name = Debug;
		};
		31662C511B038A7F00AF1957 /* Release */ = {
			isa = XCBuildConfiguration;
			buildSettings = {
				BUNDLE_LOADER = "$(TEST_HOST)";
				FRAMEWORK_SEARCH_PATHS = (
					"$(SDKROOT)/Developer/Library/Frameworks",
					"$(inherited)",
				);
				INFOPLIST_FILE = PitchPerfectTests/Info.plist;
				LD_RUNPATH_SEARCH_PATHS = "$(inherited) @executable_path/Frameworks @loader_path/Frameworks";
				PRODUCT_NAME = "$(TARGET_NAME)";
				TEST_HOST = "$(BUILT_PRODUCTS_DIR)/PitchPerfect.app/PitchPerfect";
			};
			name = Release;
		};
/* End XCBuildConfiguration section */

/* Begin XCConfigurationList section */
		31662C281B038A7D00AF1957 /* Build configuration list for PBXProject "PitchPerfect" */ = {
			isa = XCConfigurationList;
			buildConfigurations = (
				31662C4A1B038A7F00AF1957 /* Debug */,
				31662C4B1B038A7F00AF1957 /* Release */,
			);
			defaultConfigurationIsVisible = 0;
			defaultConfigurationName = Release;
		};
		31662C4C1B038A7F00AF1957 /* Build configuration list for PBXNativeTarget "PitchPerfect" */ = {
			isa = XCConfigurationList;
			buildConfigurations = (
				31662C4D1B038A7F00AF1957 /* Debug */,
				31662C4E1B038A7F00AF1957 /* Release */,
			);
			defaultConfigurationIsVisible = 0;
		};
		31662C4F1B038A7F00AF1957 /* Build configuration list for PBXNativeTarget "PitchPerfectTests" */ = {
			isa = XCConfigurationList;
			buildConfigurations = (
				31662C501B038A7F00AF1957 /* Debug */,
				31662C511B038A7F00AF1957 /* Release */,
			);
			defaultConfigurationIsVisible = 0;
		};
/* End XCConfigurationList section */
	};
	rootObject = 31662C251B038A7D00AF1957 /* Project object */;
}
